
Microsoft Visual Studio Solution File, Format Version 12.00
# Visual Studio Version 17
VisualStudioVersion = 17.5.33627.172
MinimumVisualStudioVersion = 10.0.40219.1
Project("{FAE04EC0-301F-11D3-BF4B-00C04F79EFBC}") = "asp_net_core_MVC_1", "asp_net_core_MVC_1.csproj", "{64286241-9A97-4F7C-839B-01AA41A5D9D0}"
EndProject
Global
	GlobalSection(SolutionConfigurationPlatforms) = preSolution
		Debug|Any CPU = Debug|Any CPU
		Release|Any CPU = Release|Any CPU
	EndGlobalSection
	GlobalSection(ProjectConfigurationPlatforms) = postSolution
		{64286241-9A97-4F7C-839B-01AA41A5D9D0}.Debug|Any CPU.ActiveCfg = Debug|Any CPU
		{64286241-9A97-4F7C-839B-01AA41A5D9D0}.Debug|Any CPU.Build.0 = Debug|Any CPU
		{64286241-9A97-4F7C-839B-01AA41A5D9D0}.Release|Any CPU.ActiveCfg = Release|Any CPU
		{64286241-9A97-4F7C-839B-01AA41A5D9D0}.Release|Any CPU.Build.0 = Release|Any CPU
	EndGlobalSection
	GlobalSection(SolutionProperties) = preSolution
		HideSolutionNode = FALSE
	EndGlobalSection
	GlobalSection(ExtensibilityGlobals) = postSolution
		SolutionGuid = {2AF3F185-AA0F-4558-9EE0-4C98B2A1EB0E}
	EndGlobalSection
EndGlobal
